
Microsoft Visual Studio Solution File, Format Version 12.00
# Visual Studio 15
Project("{2150E333-8FDC-42A3-9474-1A3956D46DE8}") = "Solution Items", "Solution Items", "{6B25D64E-F26F-4C71-9192-E2165819C4D2}"
	ProjectSection(SolutionItems) = preProject
		docker-compose.yml = docker-compose.yml
		docker-compose-api.yml = docker-compose-api.yml
		my.cnf = my.cnf
		README.md = README.md
	EndProjectSection
EndProject
Project("{FAE04EC0-301F-11D3-BF4B-00C04F79EFBC}") = "Kafka.Mysql.Example", "src\Kafka.Mysql.Example.csproj", "{3875EC69-9D74-45CE-A7BA-21F09C8B6D38}"
EndProject
Project("{FAE04EC0-301F-11D3-BF4B-00C04F79EFBC}") = "Kafka.Mysql.Test", "Kafka.Mysql.Test\Kafka.Mysql.Test.csproj", "{517F1907-C831-4364-81B3-DBF34769A76F}"
EndProject
Global
	GlobalSection(SolutionConfigurationPlatforms) = preSolution
		Debug|Any CPU = Debug|Any CPU
		Release|Any CPU = Release|Any CPU
	EndGlobalSection
	GlobalSection(ProjectConfigurationPlatforms) = postSolution
		{3875EC69-9D74-45CE-A7BA-21F09C8B6D38}.Debug|Any CPU.ActiveCfg = Debug|Any CPU
		{3875EC69-9D74-45CE-A7BA-21F09C8B6D38}.Debug|Any CPU.Build.0 = Debug|Any CPU
		{3875EC69-9D74-45CE-A7BA-21F09C8B6D38}.Release|Any CPU.ActiveCfg = Release|Any CPU
		{3875EC69-9D74-45CE-A7BA-21F09C8B6D38}.Release|Any CPU.Build.0 = Release|Any CPU
		{517F1907-C831-4364-81B3-DBF34769A76F}.Debug|Any CPU.ActiveCfg = Debug|Any CPU
		{517F1907-C831-4364-81B3-DBF34769A76F}.Debug|Any CPU.Build.0 = Debug|Any CPU
		{517F1907-C831-4364-81B3-DBF34769A76F}.Release|Any CPU.ActiveCfg = Release|Any CPU
		{517F1907-C831-4364-81B3-DBF34769A76F}.Release|Any CPU.Build.0 = Release|Any CPU
	EndGlobalSection
EndGlobal
